
Microsoft Visual Studio Solution File, Format Version 12.00
# Visual Studio Version 16
VisualStudioVersion = 16.0.32228.343
MinimumVisualStudioVersion = 10.0.40219.1
Project("{FAE04EC0-301F-11D3-BF4B-00C04F79EFBC}") = "Web API", "Web API.csproj", "{A51184B0-7155-4752-A608-9A7994631D03}"
EndProject
Global
	GlobalSection(SolutionConfigurationPlatforms) = preSolution
		Debug|Any CPU = Debug|Any CPU
		Release|Any CPU = Release|Any CPU
	EndGlobalSection
	GlobalSection(ProjectConfigurationPlatforms) = postSolution
		{A51184B0-7155-4752-A608-9A7994631D03}.Debug|Any CPU.ActiveCfg = Debug|Any CPU
		{A51184B0-7155-4752-A608-9A7994631D03}.Debug|Any CPU.Build.0 = Debug|Any CPU
		{A51184B0-7155-4752-A608-9A7994631D03}.Release|Any CPU.ActiveCfg = Release|Any CPU
		{A51184B0-7155-4752-A608-9A7994631D03}.Release|Any CPU.Build.0 = Release|Any CPU
	EndGlobalSection
	GlobalSection(SolutionProperties) = preSolution
		HideSolutionNode = FALSE
	EndGlobalSection
	GlobalSection(ExtensibilityGlobals) = postSolution
		SolutionGuid = {DA565397-978B-4E71-BD8C-8A21989D9FFF}
	EndGlobalSection
EndGlobal
